// !$*UTF8*$!
{
	archiveVersion = 1;
	classes = {
	};
	objectVersion = 50;
	objects = {

/* Begin PBXBuildFile section */
		95864B1F211A863A004AFE17 /* WahooMeasurement.swift in Sources */ = {isa = PBXBuildFile; fileRef = 95864B1E211A863A004AFE17 /* WahooMeasurement.swift */; };
		958F8A22211D815B001BE5A3 /* SpingViewController.swift in Sources */ = {isa = PBXBuildFile; fileRef = 958F8A21211D815B001BE5A3 /* SpingViewController.swift */; };
		95A0A12D2111BED5001BE54E /* AppDelegate.swift in Sources */ = {isa = PBXBuildFile; fileRef = 95A0A12C2111BED5001BE54E /* AppDelegate.swift */; };
		95A0A12F2111BED5001BE54E /* HomeViewController.swift in Sources */ = {isa = PBXBuildFile; fileRef = 95A0A12E2111BED5001BE54E /* HomeViewController.swift */; };
		95A0A1322111BED5001BE54E /* Main.storyboard in Resources */ = {isa = PBXBuildFile; fileRef = 95A0A1302111BED5001BE54E /* Main.storyboard */; };
		95A0A1342111BED8001BE54E /* Assets.xcassets in Resources */ = {isa = PBXBuildFile; fileRef = 95A0A1332111BED8001BE54E /* Assets.xcassets */; };
		95A0A1372111BED8001BE54E /* LaunchScreen.storyboard in Resources */ = {isa = PBXBuildFile; fileRef = 95A0A1352111BED8001BE54E /* LaunchScreen.storyboard */; };
		95A1BBAD2113FC1700364B2B /* BlueToothListController.swift in Sources */ = {isa = PBXBuildFile; fileRef = 95A1BBAC2113FC1700364B2B /* BlueToothListController.swift */; };
		95A1BBB02114000300364B2B /* PeripheralCell.swift in Sources */ = {isa = PBXBuildFile; fileRef = 95A1BBAF2114000300364B2B /* PeripheralCell.swift */; };
		95A1BBB221143A3C00364B2B /* DeviceController.swift in Sources */ = {isa = PBXBuildFile; fileRef = 95A1BBB121143A3C00364B2B /* DeviceController.swift */; };
		95C648BA2119AECB00CE0E9F /* Operators.swift in Sources */ = {isa = PBXBuildFile; fileRef = 95C648B92119AECB00CE0E9F /* Operators.swift */; };
		97386D335774DC56488E86D1 /* Pods_ZrySwiftTest4.framework in Frameworks */ = {isa = PBXBuildFile; fileRef = 30CB9ABC1B8EA1CB304EA651 /* Pods_ZrySwiftTest4.framework */; };
/* End PBXBuildFile section */

/* Begin PBXFileReference section */
		30CB9ABC1B8EA1CB304EA651 /* Pods_ZrySwiftTest4.framework */ = {isa = PBXFileReference; explicitFileType = wrapper.framework; includeInIndex = 0; path = Pods_ZrySwiftTest4.framework; sourceTree = BUILT_PRODUCTS_DIR; };
		95864B1E211A863A004AFE17 /* WahooMeasurement.swift */ = {isa = PBXFileReference; lastKnownFileType = sourcecode.swift; path = WahooMeasurement.swift; sourceTree = "<group>"; };
		958F8A21211D815B001BE5A3 /* SpingViewController.swift */ = {isa = PBXFileReference; lastKnownFileType = sourcecode.swift; path = SpingViewController.swift; sourceTree = "<group>"; };
		95A0A1292111BED5001BE54E /* ZrySwiftTest4.app */ = {isa = PBXFileReference; explicitFileType = wrapper.application; includeInIndex = 0; path = ZrySwiftTest4.app; sourceTree = BUILT_PRODUCTS_DIR; };
		95A0A12C2111BED5001BE54E /* AppDelegate.swift */ = {isa = PBXFileReference; lastKnownFileType = sourcecode.swift; path = AppDelegate.swift; sourceTree = "<group>"; };
		95A0A12E2111BED5001BE54E /* HomeViewController.swift */ = {isa = PBXFileReference; lastKnownFileType = sourcecode.swift; path = HomeViewController.swift; sourceTree = "<group>"; };
		95A0A1312111BED5001BE54E /* Base */ = {isa = PBXFileReference; lastKnownFileType = file.storyboard; name = Base; path = Base.lproj/Main.storyboard; sourceTree = "<group>"; };
		95A0A1332111BED8001BE54E /* Assets.xcassets */ = {isa = PBXFileReference; lastKnownFileType = folder.assetcatalog; path = Assets.xcassets; sourceTree = "<group>"; };
		95A0A1362111BED8001BE54E /* Base */ = {isa = PBXFileReference; lastKnownFileType = file.storyboard; name = Base; path = Base.lproj/LaunchScreen.storyboard; sourceTree = "<group>"; };
		95A0A1382111BED8001BE54E /* Info.plist */ = {isa = PBXFileReference; lastKnownFileType = text.plist.xml; path = Info.plist; sourceTree = "<group>"; };
		95A1BBAC2113FC1700364B2B /* BlueToothListController.swift */ = {isa = PBXFileReference; lastKnownFileType = sourcecode.swift; path = BlueToothListController.swift; sourceTree = "<group>"; };
		95A1BBAF2114000300364B2B /* PeripheralCell.swift */ = {isa = PBXFileReference; lastKnownFileType = sourcecode.swift; path = PeripheralCell.swift; sourceTree = "<group>"; };
		95A1BBB121143A3C00364B2B /* DeviceController.swift */ = {isa = PBXFileReference; lastKnownFileType = sourcecode.swift; path = DeviceController.swift; sourceTree = "<group>"; };
		95C648B92119AECB00CE0E9F /* Operators.swift */ = {isa = PBXFileReference; lastKnownFileType = sourcecode.swift; path = Operators.swift; sourceTree = "<group>"; };
		F9127F270B697AB408583047 /* Pods-ZrySwiftTest4.release.xcconfig */ = {isa = PBXFileReference; includeInIndex = 1; lastKnownFileType = text.xcconfig; name = "Pods-ZrySwiftTest4.release.xcconfig"; path = "Pods/Target Support Files/Pods-ZrySwiftTest4/Pods-ZrySwiftTest4.release.xcconfig"; sourceTree = "<group>"; };
		FD14887E8F86E81315F0B306 /* Pods-ZrySwiftTest4.debug.xcconfig */ = {isa = PBXFileReference; includeInIndex = 1; lastKnownFileType = text.xcconfig; name = "Pods-ZrySwiftTest4.debug.xcconfig"; path = "Pods/Target Support Files/Pods-ZrySwiftTest4/Pods-ZrySwiftTest4.debug.xcconfig"; sourceTree = "<group>"; };
/* End PBXFileReference section */

/* Begin PBXFrameworksBuildPhase section */
		95A0A1262111BED5001BE54E /* Frameworks */ = {
			isa = PBXFrameworksBuildPhase;
			buildActionMask = 2147483647;
			files = (
				97386D335774DC56488E86D1 /* Pods_ZrySwiftTest4.framework in Frameworks */,
			);
			runOnlyForDeploymentPostprocessing = 0;
		};
/* End PBXFrameworksBuildPhase section */

/* Begin PBXGroup section */
		1A41F7394FF8FECD21B598E5 /* Frameworks */ = {
			isa = PBXGroup;
			children = (
				30CB9ABC1B8EA1CB304EA651 /* Pods_ZrySwiftTest4.framework */,
			);
			name = Frameworks;
			sourceTree = "<group>";
		};
		95A0A1202111BED5001BE54E = {
			isa = PBXGroup;
			children = (
				95A0A12B2111BED5001BE54E /* ZrySwiftTest4 */,
				95A0A12A2111BED5001BE54E /* Products */,
				CF3F595D1A6CB8DABCAD79FF /* Pods */,
				1A41F7394FF8FECD21B598E5 /* Frameworks */,
			);
			sourceTree = "<group>";
		};
		95A0A12A2111BED5001BE54E /* Products */ = {
			isa = PBXGroup;
			children = (
				95A0A1292111BED5001BE54E /* ZrySwiftTest4.app */,
			);
			name = Products;
			sourceTree = "<group>";
		};
		95A0A12B2111BED5001BE54E /* ZrySwiftTest4 */ = {
			isa = PBXGroup;
			children = (
				95C648B82119AEB800CE0E9F /* Utils */,
				95A1BBAE2113FFC000364B2B /* blueTooth */,
				95A0A12C2111BED5001BE54E /* AppDelegate.swift */,
				95A0A12E2111BED5001BE54E /* HomeViewController.swift */,
				958F8A21211D815B001BE5A3 /* SpingViewController.swift */,
				95A0A1302111BED5001BE54E /* Main.storyboard */,
				95A0A1332111BED8001BE54E /* Assets.xcassets */,
				95A0A1352111BED8001BE54E /* LaunchScreen.storyboard */,
				95A0A1382111BED8001BE54E /* Info.plist */,
			);
			path = ZrySwiftTest4;
			sourceTree = "<group>";
		};
		95A1BBAE2113FFC000364B2B /* blueTooth */ = {
			isa = PBXGroup;
			children = (
				95A1BBAC2113FC1700364B2B /* BlueToothListController.swift */,
				95A1BBB121143A3C00364B2B /* DeviceController.swift */,
				95864B1E211A863A004AFE17 /* WahooMeasurement.swift */,
				95A1BBAF2114000300364B2B /* PeripheralCell.swift */,
			);
			path = blueTooth;
			sourceTree = "<group>";
		};
		95C648B82119AEB800CE0E9F /* Utils */ = {
			isa = PBXGroup;
			children = (
				95C648B92119AECB00CE0E9F /* Operators.swift */,
			);
			path = Utils;
			sourceTree = "<group>";
		};
		CF3F595D1A6CB8DABCAD79FF /* Pods */ = {
			isa = PBXGroup;
			children = (
				FD14887E8F86E81315F0B306 /* Pods-ZrySwiftTest4.debug.xcconfig */,
				F9127F270B697AB408583047 /* Pods-ZrySwiftTest4.release.xcconfig */,
			);
			name = Pods;
			sourceTree = "<group>";
		};
/* End PBXGroup section */

/* Begin PBXNativeTarget section */
		95A0A1282111BED5001BE54E /* ZrySwiftTest4 */ = {
			isa = PBXNativeTarget;
			buildConfigurationList = 95A0A13B2111BED8001BE54E /* Build configuration list for PBXNativeTarget "ZrySwiftTest4" */;
			buildPhases = (
				6E6B130D3DC2E194E6593D0E /* [CP] Check Pods Manifest.lock */,
				95A0A1252111BED5001BE54E /* Sources */,
				95A0A1262111BED5001BE54E /* Frameworks */,
				95A0A1272111BED5001BE54E /* Resources */,
				903370579061A6C0687D5B1B /* [CP] Embed Pods Frameworks */,
			);
			buildRules = (
			);
			dependencies = (
			);
			name = ZrySwiftTest4;
			productName = ZrySwiftTest4;
			productReference = 95A0A1292111BED5001BE54E /* ZrySwiftTest4.app */;
			productType = "com.apple.product-type.application";
		};
/* End PBXNativeTarget section */

/* Begin PBXProject section */
		95A0A1212111BED5001BE54E /* Project object */ = {
			isa = PBXProject;
			attributes = {
				LastSwiftUpdateCheck = 0940;
				LastUpgradeCheck = 0940;
				ORGANIZATIONNAME = Edison;
				TargetAttributes = {
					95A0A1282111BED5001BE54E = {
						CreatedOnToolsVersion = 9.4.1;
					};
				};
			};
			buildConfigurationList = 95A0A1242111BED5001BE54E /* Build configuration list for PBXProject "ZrySwiftTest4" */;
			compatibilityVersion = "Xcode 9.3";
			developmentRegion = en;
			hasScannedForEncodings = 0;
			knownRegions = (
				en,
				Base,
			);
			mainGroup = 95A0A1202111BED5001BE54E;
			productRefGroup = 95A0A12A2111BED5001BE54E /* Products */;
			projectDirPath = "";
			projectRoot = "";
			targets = (
				95A0A1282111BED5001BE54E /* ZrySwiftTest4 */,
			);
		};
/* End PBXProject section */

/* Begin PBXResourcesBuildPhase section */
		95A0A1272111BED5001BE54E /* Resources */ = {
			isa = PBXResourcesBuildPhase;
			buildActionMask = 2147483647;
			files = (
				95A0A1372111BED8001BE54E /* LaunchScreen.storyboard in Resources */,
				95A0A1342111BED8001BE54E /* Assets.xcassets in Resources */,
				95A0A1322111BED5001BE54E /* Main.storyboard in Resources */,
			);
			runOnlyForDeploymentPostprocessing = 0;
		};
/* End PBXResourcesBuildPhase section */

/* Begin PBXShellScriptBuildPhase section */
		6E6B130D3DC2E194E6593D0E /* [CP] Check Pods Manifest.lock */ = {
			isa = PBXShellScriptBuildPhase;
			buildActionMask = 2147483647;
			files = (
			);
			inputPaths = (
				"${PODS_PODFILE_DIR_PATH}/Podfile.lock",
				"${PODS_ROOT}/Manifest.lock",
			);
			name = "[CP] Check Pods Manifest.lock";
			outputPaths = (
				"$(DERIVED_FILE_DIR)/Pods-ZrySwiftTest4-checkManifestLockResult.txt",
			);
			runOnlyForDeploymentPostprocessing = 0;
			shellPath = /bin/sh;
			shellScript = "diff \"${PODS_PODFILE_DIR_PATH}/Podfile.lock\" \"${PODS_ROOT}/Manifest.lock\" > /dev/null\nif [ $? != 0 ] ; then\n    # print error to STDERR\n    echo \"error: The sandbox is not in sync with the Podfile.lock. Run 'pod install' or update your CocoaPods installation.\" >&2\n    exit 1\nfi\n# This output is used by Xcode 'outputs' to avoid re-running this script phase.\necho \"SUCCESS\" > \"${SCRIPT_OUTPUT_FILE_0}\"\n";
			showEnvVarsInLog = 0;
		};
		903370579061A6C0687D5B1B /* [CP] Embed Pods Frameworks */ = {
			isa = PBXShellScriptBuildPhase;
			buildActionMask = 2147483647;
			files = (
			);
			inputPaths = (
				"${SRCROOT}/Pods/Target Support Files/Pods-ZrySwiftTest4/Pods-ZrySwiftTest4-frameworks.sh",
				"${BUILT_PRODUCTS_DIR}/Alamofire/Alamofire.framework",
				"${BUILT_PRODUCTS_DIR}/NVActivityIndicatorView/NVActivityIndicatorView.framework",
				"${BUILT_PRODUCTS_DIR}/ReachabilitySwift/Reachability.framework",
				"${BUILT_PRODUCTS_DIR}/Spring/Spring.framework",
				"${BUILT_PRODUCTS_DIR}/SwiftyJSON/SwiftyJSON.framework",
				"${BUILT_PRODUCTS_DIR}/SwiftyUserDefaults/SwiftyUserDefaults.framework",
			);
			name = "[CP] Embed Pods Frameworks";
			outputPaths = (
				"${TARGET_BUILD_DIR}/${FRAMEWORKS_FOLDER_PATH}/Alamofire.framework",
				"${TARGET_BUILD_DIR}/${FRAMEWORKS_FOLDER_PATH}/NVActivityIndicatorView.framework",
				"${TARGET_BUILD_DIR}/${FRAMEWORKS_FOLDER_PATH}/Reachability.framework",
				"${TARGET_BUILD_DIR}/${FRAMEWORKS_FOLDER_PATH}/Spring.framework",
				"${TARGET_BUILD_DIR}/${FRAMEWORKS_FOLDER_PATH}/SwiftyJSON.framework",
				"${TARGET_BUILD_DIR}/${FRAMEWORKS_FOLDER_PATH}/SwiftyUserDefaults.framework",
			);
			runOnlyForDeploymentPostprocessing = 0;
			shellPath = /bin/sh;
			shellScript = "\"${SRCROOT}/Pods/Target Support Files/Pods-ZrySwiftTest4/Pods-ZrySwiftTest4-frameworks.sh\"\n";
			showEnvVarsInLog = 0;
		};
/* End PBXShellScriptBuildPhase section */

/* Begin PBXSourcesBuildPhase section */
		95A0A1252111BED5001BE54E /* Sources */ = {
			isa = PBXSourcesBuildPhase;
			buildActionMask = 2147483647;
			files = (
				95A0A12F2111BED5001BE54E /* HomeViewController.swift in Sources */,
				95864B1F211A863A004AFE17 /* WahooMeasurement.swift in Sources */,
				95A1BBB02114000300364B2B /* PeripheralCell.swift in Sources */,
				95A1BBB221143A3C00364B2B /* DeviceController.swift in Sources */,
				958F8A22211D815B001BE5A3 /* SpingViewController.swift in Sources */,
				95A1BBAD2113FC1700364B2B /* BlueToothListController.swift in Sources */,
				95A0A12D2111BED5001BE54E /* AppDelegate.swift in Sources */,
				95C648BA2119AECB00CE0E9F /* Operators.swift in Sources */,
			);
			runOnlyForDeploymentPostprocessing = 0;
		};
/* End PBXSourcesBuildPhase section */

/* Begin PBXVariantGroup section */
		95A0A1302111BED5001BE54E /* Main.storyboard */ = {
			isa = PBXVariantGroup;
			children = (
				95A0A1312111BED5001BE54E /* Base */,
			);
			name = Main.storyboard;
			sourceTree = "<group>";
		};
		95A0A1352111BED8001BE54E /* LaunchScreen.storyboard */ = {
			isa = PBXVariantGroup;
			children = (
				95A0A1362111BED8001BE54E /* Base */,
			);
			name = LaunchScreen.storyboard;
			sourceTree = "<group>";
		};
/* End PBXVariantGroup section */

/* Begin XCBuildConfiguration section */
		95A0A1392111BED8001BE54E /* Debug */ = {
			isa = XCBuildConfiguration;
			buildSettings = {
				ALWAYS_SEARCH_USER_PATHS = NO;
				CLANG_ANALYZER_NONNULL = YES;
				CLANG_ANALYZER_NUMBER_OBJECT_CONVERSION = YES_AGGRESSIVE;
				CLANG_CXX_LANGUAGE_STANDARD = "gnu++14";
				CLANG_CXX_LIBRARY = "libc++";
				CLANG_ENABLE_MODULES = YES;
				CLANG_ENABLE_OBJC_ARC = YES;
				CLANG_ENABLE_OBJC_WEAK = YES;
				CLANG_WARN_BLOCK_CAPTURE_AUTORELEASING = YES;
				CLANG_WARN_BOOL_CONVERSION = YES;
				CLANG_WARN_COMMA = YES;
				CLANG_WARN_CONSTANT_CONVERSION = YES;
				CLANG_WARN_DEPRECATED_OBJC_IMPLEMENTATIONS = YES;
				CLANG_WARN_DIRECT_OBJC_ISA_USAGE = YES_ERROR;
				CLANG_WARN_DOCUMENTATION_COMMENTS = YES;
				CLANG_WARN_EMPTY_BODY = YES;
				CLANG_WARN_ENUM_CONVERSION = YES;
				CLANG_WARN_INFINITE_RECURSION = YES;
				CLANG_WARN_INT_CONVERSION = YES;
				CLANG_WARN_NON_LITERAL_NULL_CONVERSION = YES;
				CLANG_WARN_OBJC_IMPLICIT_RETAIN_SELF = YES;
				CLANG_WARN_OBJC_LITERAL_CONVERSION = YES;
				CLANG_WARN_OBJC_ROOT_CLASS = YES_ERROR;
				CLANG_WARN_RANGE_LOOP_ANALYSIS = YES;
				CLANG_WARN_STRICT_PROTOTYPES = YES;
				CLANG_WARN_SUSPICIOUS_MOVE = YES;
				CLANG_WARN_UNGUARDED_AVAILABILITY = YES_AGGRESSIVE;
				CLANG_WARN_UNREACHABLE_CODE = YES;
				CLANG_WARN__DUPLICATE_METHOD_MATCH = YES;
				CODE_SIGN_IDENTITY = "iPhone Developer";
				COPY_PHASE_STRIP = NO;
				DEBUG_INFORMATION_FORMAT = dwarf;
				ENABLE_STRICT_OBJC_MSGSEND = YES;
				ENABLE_TESTABILITY = YES;
				GCC_C_LANGUAGE_STANDARD = gnu11;
				GCC_DYNAMIC_NO_PIC = NO;
				GCC_NO_COMMON_BLOCKS = YES;
				GCC_OPTIMIZATION_LEVEL = 0;
				GCC_PREPROCESSOR_DEFINITIONS = (
					"DEBUG=1",
					"$(inherited)",
				);
				GCC_WARN_64_TO_32_BIT_CONVERSION = YES;
				GCC_WARN_ABOUT_RETURN_TYPE = YES_ERROR;
				GCC_WARN_UNDECLARED_SELECTOR = YES;
				GCC_WARN_UNINITIALIZED_AUTOS = YES_AGGRESSIVE;
				GCC_WARN_UNUSED_FUNCTION = YES;
				GCC_WARN_UNUSED_VARIABLE = YES;
				IPHONEOS_DEPLOYMENT_TARGET = 11.4;
				MTL_ENABLE_DEBUG_INFO = YES;
				ONLY_ACTIVE_ARCH = YES;
				SDKROOT = iphoneos;
				SWIFT_ACTIVE_COMPILATION_CONDITIONS = DEBUG;
				SWIFT_OPTIMIZATION_LEVEL = "-Onone";
			};
			name = Debug;
		};
		95A0A13A2111BED8001BE54E /* Release */ = {
			isa = XCBuildConfiguration;
			buildSettings = {
				ALWAYS_SEARCH_USER_PATHS = NO;
				CLANG_ANALYZER_NONNULL = YES;
				CLANG_ANALYZER_NUMBER_OBJECT_CONVERSION = YES_AGGRESSIVE;
				CLANG_CXX_LANGUAGE_STANDARD = "gnu++14";
				CLANG_CXX_LIBRARY = "libc++";
				CLANG_ENABLE_MODULES = YES;
				CLANG_ENABLE_OBJC_ARC = YES;
				CLANG_ENABLE_OBJC_WEAK = YES;
				CLANG_WARN_BLOCK_CAPTURE_AUTORELEASING = YES;
				CLANG_WARN_BOOL_CONVERSION = YES;
				CLANG_WARN_COMMA = YES;
				CLANG_WARN_CONSTANT_CONVERSION = YES;
				CLANG_WARN_DEPRECATED_OBJC_IMPLEMENTATIONS = YES;
				CLANG_WARN_DIRECT_OBJC_ISA_USAGE = YES_ERROR;
				CLANG_WARN_DOCUMENTATION_COMMENTS = YES;
				CLANG_WARN_EMPTY_BODY = YES;
				CLANG_WARN_ENUM_CONVERSION = YES;
				CLANG_WARN_INFINITE_RECURSION = YES;
				CLANG_WARN_INT_CONVERSION = YES;
				CLANG_WARN_NON_LITERAL_NULL_CONVERSION = YES;
				CLANG_WARN_OBJC_IMPLICIT_RETAIN_SELF = YES;
				CLANG_WARN_OBJC_LITERAL_CONVERSION = YES;
				CLANG_WARN_OBJC_ROOT_CLASS = YES_ERROR;
				CLANG_WARN_RANGE_LOOP_ANALYSIS = YES;
				CLANG_WARN_STRICT_PROTOTYPES = YES;
				CLANG_WARN_SUSPICIOUS_MOVE = YES;
				CLANG_WARN_UNGUARDED_AVAILABILITY = YES_AGGRESSIVE;
				CLANG_WARN_UNREACHABLE_CODE = YES;
				CLANG_WARN__DUPLICATE_METHOD_MATCH = YES;
				CODE_SIGN_IDENTITY = "iPhone Developer";
				COPY_PHASE_STRIP = NO;
				DEBUG_INFORMATION_FORMAT = "dwarf-with-dsym";
				ENABLE_NS_ASSERTIONS = NO;
				ENABLE_STRICT_OBJC_MSGSEND = YES;
				GCC_C_LANGUAGE_STANDARD = gnu11;
				GCC_NO_COMMON_BLOCKS = YES;
				GCC_WARN_64_TO_32_BIT_CONVERSION = YES;
				GCC_WARN_ABOUT_RETURN_TYPE = YES_ERROR;
				GCC_WARN_UNDECLARED_SELECTOR = YES;
				GCC_WARN_UNINITIALIZED_AUTOS = YES_AGGRESSIVE;
				GCC_WARN_UNUSED_FUNCTION = YES;
				GCC_WARN_UNUSED_VARIABLE = YES;
				IPHONEOS_DEPLOYMENT_TARGET = 11.4;
				MTL_ENABLE_DEBUG_INFO = NO;
				SDKROOT = iphoneos;
				SWIFT_COMPILATION_MODE = wholemodule;
				SWIFT_OPTIMIZATION_LEVEL = "-O";
				VALIDATE_PRODUCT = YES;
			};
			name = Release;
		};
		95A0A13C2111BED8001BE54E /* Debug */ = {
			isa = XCBuildConfiguration;
			baseConfigurationReference = FD14887E8F86E81315F0B306 /* Pods-ZrySwiftTest4.debug.xcconfig */;
			buildSettings = {
				ASSETCATALOG_COMPILER_APPICON_NAME = AppIcon;
				CODE_SIGN_STYLE = Automatic;
				DEVELOPMENT_TEAM = C8Q7G2FN5P;
				INFOPLIST_FILE = ZrySwiftTest4/Info.plist;
				IPHONEOS_DEPLOYMENT_TARGET = 10.0;
				LD_RUNPATH_SEARCH_PATHS = (
					"$(inherited)",
					"@executable_path/Frameworks",
				);
				PRODUCT_BUNDLE_IDENTIFIER = com.rhino.ZrySwiftTest4;
				PRODUCT_NAME = "$(TARGET_NAME)";
				SWIFT_VERSION = 4.0;
				TARGETED_DEVICE_FAMILY = "1,2";
			};
			name = Debug;
		};
		95A0A13D2111BED8001BE54E /* Release */ = {
			isa = XCBuildConfiguration;
			baseConfigurationReference = F9127F270B697AB408583047 /* Pods-ZrySwiftTest4.release.xcconfig */;
			buildSettings = {
				ASSETCATALOG_COMPILER_APPICON_NAME = AppIcon;
				CODE_SIGN_STYLE = Automatic;
				DEVELOPMENT_TEAM = C8Q7G2FN5P;
				INFOPLIST_FILE = ZrySwiftTest4/Info.plist;
				IPHONEOS_DEPLOYMENT_TARGET = 10.0;
				LD_RUNPATH_SEARCH_PATHS = (
					"$(inherited)",
					"@executable_path/Frameworks",
				);
				PRODUCT_BUNDLE_IDENTIFIER = com.rhino.ZrySwiftTest4;
				PRODUCT_NAME = "$(TARGET_NAME)";
				SWIFT_VERSION = 4.0;
				TARGETED_DEVICE_FAMILY = "1,2";
			};
			name = Release;
		};
/* End XCBuildConfiguration section */

/* Begin XCConfigurationList section */
		95A0A1242111BED5001BE54E /* Build configuration list for PBXProject "ZrySwiftTest4" */ = {
			isa = XCConfigurationList;
			buildConfigurations = (
				95A0A1392111BED8001BE54E /* Debug */,
				95A0A13A2111BED8001BE54E /* Release */,
			);
			defaultConfigurationIsVisible = 0;
			defaultConfigurationName = Release;
		};
		95A0A13B2111BED8001BE54E /* Build configuration list for PBXNativeTarget "ZrySwiftTest4" */ = {
			isa = XCConfigurationList;
			buildConfigurations = (
				95A0A13C2111BED8001BE54E /* Debug */,
				95A0A13D2111BED8001BE54E /* Release */,
			);
			defaultConfigurationIsVisible = 0;
			defaultConfigurationName = Release;
		};
/* End XCConfigurationList section */
	};
	rootObject = 95A0A1212111BED5001BE54E /* Project object */;
}
